
Microsoft Visual Studio Solution File, Format Version 12.00
# Visual Studio 15
VisualStudioVersion = 15.0.28307.572
MinimumVisualStudioVersion = 10.0.40219.1
Project("{FAE04EC0-301F-11D3-BF4B-00C04F79EFBC}") = "WebApplication1", "WebApplication1\WebApplication1.csproj", "{0C859982-5647-4E8A-A634-925CA24F5DB5}"
EndProject
Global
	GlobalSection(SolutionConfigurationPlatforms) = preSolution
		Debug|Any CPU = Debug|Any CPU
		Release|Any CPU = Release|Any CPU
	EndGlobalSection
	GlobalSection(ProjectConfigurationPlatforms) = postSolution
		{0C859982-5647-4E8A-A634-925CA24F5DB5}.Debug|Any CPU.ActiveCfg = Debug|Any CPU
		{0C859982-5647-4E8A-A634-925CA24F5DB5}.Debug|Any CPU.Build.0 = Debug|Any CPU
		{0C859982-5647-4E8A-A634-925CA24F5DB5}.Release|Any CPU.ActiveCfg = Release|Any CPU
		{0C859982-5647-4E8A-A634-925CA24F5DB5}.Release|Any CPU.Build.0 = Release|Any CPU
	EndGlobalSection
	GlobalSection(SolutionProperties) = preSolution
		HideSolutionNode = FALSE
	EndGlobalSection
	GlobalSection(ExtensibilityGlobals) = postSolution
		SolutionGuid = {CB56B9E7-A90D-46E5-981C-0B44D7C48D1C}
	EndGlobalSection
EndGlobal
